{
  "name": "LiRA-Map",
  "lockfileVersion": 2,
  "requires": true,
  "packages": {
    "": {
      "dependencies": {
        "nest-knexjs": "^0.0.12",
        "postgres": "^3.2.4"
      }
    },
    "node_modules/nest-knexjs": {
      "version": "0.0.12",
      "resolved": "https://registry.npmjs.org/nest-knexjs/-/nest-knexjs-0.0.12.tgz",
      "integrity": "sha512-7+/DeqOcyUAKmYOwZsFVSsBcVR+H32K38+KMMenNYl7SV3NRY/wsgmqmD/tbgbC/j62jziEer7XYgCtmgRbBgw==",
      "peerDependencies": {
        "@nestjs/common": "^7.0.0 || ^8.0.0 || ^9.0.0",
        "@nestjs/core": "^7.0.0 || ^8.0.0 || ^9.0.0",
        "knex": "^0.21.17 || ^0.95.0 || ^1.0.0 || ^2.0.0",
        "reflect-metadata": "^0.1.13",
        "rxjs": "^6.6.3 || ^7.2.0"
      }
    },
    "node_modules/postgres": {
      "version": "3.2.4",
      "resolved": "https://registry.npmjs.org/postgres/-/postgres-3.2.4.tgz",
      "integrity": "sha512-iscysD+ZlM4A9zj0RS2zo3f4Us4yuov94Yx+p3dE1rEARaBHC8R3/gRq40KEnWp1lxjuFq9EjuAenIUsPaTaDA==",
      "funding": {
        "type": "individual",
        "url": "https://github.com/sponsors/porsager"
      }
    }
  },
  "dependencies": {
    "nest-knexjs": {
      "version": "0.0.12",
      "resolved": "https://registry.npmjs.org/nest-knexjs/-/nest-knexjs-0.0.12.tgz",
      "integrity": "sha512-7+/DeqOcyUAKmYOwZsFVSsBcVR+H32K38+KMMenNYl7SV3NRY/wsgmqmD/tbgbC/j62jziEer7XYgCtmgRbBgw=="
    },
    "postgres": {
      "version": "3.2.4",
      "resolved": "https://registry.npmjs.org/postgres/-/postgres-3.2.4.tgz",
      "integrity": "sha512-iscysD+ZlM4A9zj0RS2zo3f4Us4yuov94Yx+p3dE1rEARaBHC8R3/gRq40KEnWp1lxjuFq9EjuAenIUsPaTaDA=="
    }
  }
}
